{
  "name": "hypers-theme",
  "version": "0.0.1",
  "lockfileVersion": 3,
  "requires": true,
  "packages": {
    "": {
      "name": "hypers-theme",
      "version": "0.0.1",
      "dependencies": {
        "hypers-theme": "file:"
      },
      "engines": {
        "vscode": "^1.98.0"
      }
    },
    "node_modules/hypers-theme": {
      "resolved": "",
      "link": true
    }
  }
}
